
Microsoft Visual Studio Solution File, Format Version 12.00
# Visual Studio Version 16
VisualStudioVersion = 16.0.29215.179
MinimumVisualStudioVersion = 10.0.40219.1
Project("{8BC9CEB8-8B4A-11D0-8D11-00A0C91BC942}") = "A_(KthZero)", "A_(KthZero)\A_(KthZero).vcxproj", "{8847BBD8-F1B3-4F81-9558-E4F8DB5B4A87}"
EndProject
Global
	GlobalSection(SolutionConfigurationPlatforms) = preSolution
		Debug|x64 = Debug|x64
		Debug|x86 = Debug|x86
		Release|x64 = Release|x64
		Release|x86 = Release|x86
	EndGlobalSection
	GlobalSection(ProjectConfigurationPlatforms) = postSolution
		{8847BBD8-F1B3-4F81-9558-E4F8DB5B4A87}.Debug|x64.ActiveCfg = Debug|x64
		{8847BBD8-F1B3-4F81-9558-E4F8DB5B4A87}.Debug|x64.Build.0 = Debug|x64
		{8847BBD8-F1B3-4F81-9558-E4F8DB5B4A87}.Debug|x86.ActiveCfg = Debug|Win32
		{8847BBD8-F1B3-4F81-9558-E4F8DB5B4A87}.Debug|x86.Build.0 = Debug|Win32
		{8847BBD8-F1B3-4F81-9558-E4F8DB5B4A87}.Release|x64.ActiveCfg = Release|x64
		{8847BBD8-F1B3-4F81-9558-E4F8DB5B4A87}.Release|x64.Build.0 = Release|x64
		{8847BBD8-F1B3-4F81-9558-E4F8DB5B4A87}.Release|x86.ActiveCfg = Release|Win32
		{8847BBD8-F1B3-4F81-9558-E4F8DB5B4A87}.Release|x86.Build.0 = Release|Win32
	EndGlobalSection
	GlobalSection(SolutionProperties) = preSolution
		HideSolutionNode = FALSE
	EndGlobalSection
	GlobalSection(ExtensibilityGlobals) = postSolution
		SolutionGuid = {FE5DB9E4-1DD1-419A-BF8A-E5C45E3D8BF6}
	EndGlobalSection
EndGlobal
