
Microsoft Visual Studio Solution File, Format Version 12.00
# Visual Studio Version 16
VisualStudioVersion = 16.0.29215.179
MinimumVisualStudioVersion = 10.0.40219.1
Project("{8BC9CEB8-8B4A-11D0-8D11-00A0C91BC942}") = "E_(AirFlights)", "E_(AirFlights)\E_(AirFlights).vcxproj", "{95DE64DA-BE69-4944-B3B0-30D3F70E26EF}"
EndProject
Global
	GlobalSection(SolutionConfigurationPlatforms) = preSolution
		Debug|x64 = Debug|x64
		Debug|x86 = Debug|x86
		Release|x64 = Release|x64
		Release|x86 = Release|x86
	EndGlobalSection
	GlobalSection(ProjectConfigurationPlatforms) = postSolution
		{95DE64DA-BE69-4944-B3B0-30D3F70E26EF}.Debug|x64.ActiveCfg = Debug|x64
		{95DE64DA-BE69-4944-B3B0-30D3F70E26EF}.Debug|x64.Build.0 = Debug|x64
		{95DE64DA-BE69-4944-B3B0-30D3F70E26EF}.Debug|x86.ActiveCfg = Debug|Win32
		{95DE64DA-BE69-4944-B3B0-30D3F70E26EF}.Debug|x86.Build.0 = Debug|Win32
		{95DE64DA-BE69-4944-B3B0-30D3F70E26EF}.Release|x64.ActiveCfg = Release|x64
		{95DE64DA-BE69-4944-B3B0-30D3F70E26EF}.Release|x64.Build.0 = Release|x64
		{95DE64DA-BE69-4944-B3B0-30D3F70E26EF}.Release|x86.ActiveCfg = Release|Win32
		{95DE64DA-BE69-4944-B3B0-30D3F70E26EF}.Release|x86.Build.0 = Release|Win32
	EndGlobalSection
	GlobalSection(SolutionProperties) = preSolution
		HideSolutionNode = FALSE
	EndGlobalSection
	GlobalSection(ExtensibilityGlobals) = postSolution
		SolutionGuid = {69164CE2-24D1-4708-BEE2-6C91021BDDC4}
	EndGlobalSection
EndGlobal
