
Microsoft Visual Studio Solution File, Format Version 12.00
# Visual Studio Version 16
VisualStudioVersion = 16.0.29215.179
MinimumVisualStudioVersion = 10.0.40219.1
Project("{8BC9CEB8-8B4A-11D0-8D11-00A0C91BC942}") = "Segm_Tree", "Segm_Tree\Segm_Tree.vcxproj", "{CCD1CFC4-3C65-4ED5-A470-E3377C08B8F9}"
EndProject
Global
	GlobalSection(SolutionConfigurationPlatforms) = preSolution
		Debug|x64 = Debug|x64
		Debug|x86 = Debug|x86
		Release|x64 = Release|x64
		Release|x86 = Release|x86
	EndGlobalSection
	GlobalSection(ProjectConfigurationPlatforms) = postSolution
		{CCD1CFC4-3C65-4ED5-A470-E3377C08B8F9}.Debug|x64.ActiveCfg = Debug|x64
		{CCD1CFC4-3C65-4ED5-A470-E3377C08B8F9}.Debug|x64.Build.0 = Debug|x64
		{CCD1CFC4-3C65-4ED5-A470-E3377C08B8F9}.Debug|x86.ActiveCfg = Debug|Win32
		{CCD1CFC4-3C65-4ED5-A470-E3377C08B8F9}.Debug|x86.Build.0 = Debug|Win32
		{CCD1CFC4-3C65-4ED5-A470-E3377C08B8F9}.Release|x64.ActiveCfg = Release|x64
		{CCD1CFC4-3C65-4ED5-A470-E3377C08B8F9}.Release|x64.Build.0 = Release|x64
		{CCD1CFC4-3C65-4ED5-A470-E3377C08B8F9}.Release|x86.ActiveCfg = Release|Win32
		{CCD1CFC4-3C65-4ED5-A470-E3377C08B8F9}.Release|x86.Build.0 = Release|Win32
	EndGlobalSection
	GlobalSection(SolutionProperties) = preSolution
		HideSolutionNode = FALSE
	EndGlobalSection
	GlobalSection(ExtensibilityGlobals) = postSolution
		SolutionGuid = {3BD6D710-72FB-432F-A45E-8A3A9ACD5F01}
	EndGlobalSection
EndGlobal
